
Microsoft Visual Studio Solution File, Format Version 12.00
# Visual Studio Version 17
VisualStudioVersion = 17.0.31903.59
MinimumVisualStudioVersion = 10.0.40219.1
Project("{FAE04EC0-301F-11D3-BF4B-00C04F79EFBC}") = "NetJsScriptBridge", "NetJsScriptBridge\NetJsScriptBridge.csproj", "{99DC8C89-86EF-4899-ABAE-E33C9BF9E151}"
EndProject
Project("{FAE04EC0-301F-11D3-BF4B-00C04F79EFBC}") = "NetJsScriptBridge.Tests", "NetJsScriptBridge.Tests\NetJsScriptBridge.Tests.csproj", "{4EA802D5-B118-4D23-BF5C-38DCE6B42E1C}"
EndProject
Project("{2150E333-8FDC-42A3-9474-1A3956D46DE8}") = "Solution Items", "Solution Items", "{76B141D5-3691-4921-9F9E-3076E148E1F4}"
	ProjectSection(SolutionItems) = preProject
		..\README.md = ..\README.md
	EndProjectSection
EndProject
Global
	GlobalSection(SolutionConfigurationPlatforms) = preSolution
		Debug|Any CPU = Debug|Any CPU
		Release|Any CPU = Release|Any CPU
	EndGlobalSection
	GlobalSection(ProjectConfigurationPlatforms) = postSolution
		{99DC8C89-86EF-4899-ABAE-E33C9BF9E151}.Debug|Any CPU.ActiveCfg = Debug|Any CPU
		{99DC8C89-86EF-4899-ABAE-E33C9BF9E151}.Debug|Any CPU.Build.0 = Debug|Any CPU
		{99DC8C89-86EF-4899-ABAE-E33C9BF9E151}.Release|Any CPU.ActiveCfg = Release|Any CPU
		{99DC8C89-86EF-4899-ABAE-E33C9BF9E151}.Release|Any CPU.Build.0 = Release|Any CPU
		{4EA802D5-B118-4D23-BF5C-38DCE6B42E1C}.Debug|Any CPU.ActiveCfg = Debug|Any CPU
		{4EA802D5-B118-4D23-BF5C-38DCE6B42E1C}.Debug|Any CPU.Build.0 = Debug|Any CPU
		{4EA802D5-B118-4D23-BF5C-38DCE6B42E1C}.Release|Any CPU.ActiveCfg = Release|Any CPU
		{4EA802D5-B118-4D23-BF5C-38DCE6B42E1C}.Release|Any CPU.Build.0 = Release|Any CPU
	EndGlobalSection
	GlobalSection(SolutionProperties) = preSolution
		HideSolutionNode = FALSE
	EndGlobalSection
	GlobalSection(ExtensibilityGlobals) = postSolution
		SolutionGuid = {C487B8F6-A09E-452C-98EB-66909BE538D3}
	EndGlobalSection
EndGlobal
